PODS:
  - CouchbaseLite-Swift (2.7.0)

DEPENDENCIES:
  - CouchbaseLite-Swift (~> 2.7.0)

SPEC REPOS:
  https://github.com/CocoaPods/Specs.git:
    - CouchbaseLite-Swift

SPEC CHECKSUMS:
  CouchbaseLite-Swift: fc942af766946a7b1efbee2cc9b72ae04ec632e1

PODFILE CHECKSUM: 2cbbe76fc16d277bd1c0ad0cdef383f2631dddd5

COCOAPODS: 1.8.4
